{
  "object": {
    "pins": [
      {
        "package": "AWSiOSSDKV2",
        "repositoryURL": "https://github.com/aws-amplify/aws-sdk-ios-spm",
        "state": {
          "branch": null,
          "revision": "34bcb816dfa3cd909f97554b0328178aa5b85153",
          "version": "2.27.9"
        }
      },
      {
        "package": "MapstedComponents",
        "repositoryURL": "https://github.com/Mapsted/mapsted-sdk-components-spm",
        "state": {
          "branch": null,
          "revision": "fcb18fba7b16f53e8e6ac90ed4d68e90076c96bc",
          "version": "4.6.2"
        }
      },
      {
        "package": "MapSDK",
        "repositoryURL": "https://github.com/Mapsted/mapsted-sdk-core-map-spm",
        "state": {
          "branch": null,
          "revision": "e57f42bbcd8573fb622f5c2f30e01493d0898e6d",
          "version": "4.6.2"
        }
      },
      {
        "package": "MapstedCore",
        "repositoryURL": "https://github.com/Mapsted/mapsted-sdk-core-spm",
        "state": {
          "branch": null,
          "revision": "01a3ac10ac7e1ad1b8988d0c3d578bff604586be",
          "version": "4.6.2"
        }
      },
      {
        "package": "MapstedMap",
        "repositoryURL": "https://github.com/Mapsted/mapsted-sdk-map-spm",
        "state": {
          "branch": null,
          "revision": "38cb6f647c778b7121d44540d9eb2386cd50bd41",
          "version": "4.6.2"
        }
      },
      {
        "package": "MapstedNotifications",
        "repositoryURL": "https://github.com/Mapsted/mapsted-sdk-notify-spm",
        "state": {
          "branch": null,
          "revision": "45eb8f696570225a27570c51acb9fad1c28865ff",
          "version": "4.6.2"
        }
      }
    ]
  },
  "version": 1
}
